<?xml version="1.0" encoding="utf-8"?>
<Project ToolsVersion="4.0" xmlns="http://schemas.microsoft.com/developer/msbuild/2003">
  <ItemGroup>
    <Filter Include="Source Files">
      <UniqueIdentifier>{4FC737F1-C7A5-4376-A066-2A32D752A2FF}</UniqueIdentifier>
      <Extensions>cpp;c;cc;cxx;c++;cppm;ixx;def;odl;idl;hpj;bat;asm;asmx</Extensions>
    </Filter>
    <Filter Include="Header Files">
      <UniqueIdentifier>{93995380-89BD-4b04-88EB-625FBE52EBFB}</UniqueIdentifier>
      <Extensions>h;hh;hpp;hxx;h++;hm;inl;inc;ipp;xsd</Extensions>
    </Filter>
    <Filter Include="Resource Files">
      <UniqueIdentifier>{67DA6AB6-F800-4c08-8B7A-83BB121AAD01}</UniqueIdentifier>
      <Extensions>rc;ico;cur;bmp;dlg;rc2;rct;bin;rgs;gif;jpg;jpeg;jpe;resx;tiff;tif;png;wav;mfcribbon-ms</Extensions>
    </Filter>
    <Filter Include="Header Files\Screens">
      <UniqueIdentifier>{90e4dfff-740b-4cc7-8aa7-7aa1f3134dff}</UniqueIdentifier>
    </Filter>
    <Filter Include="Header Files\Libraries">
      <UniqueIdentifier>{db2537be-ec92-4198-a712-e0a2cf13db2d}</UniqueIdentifier>
    </Filter>
    <Filter Include="Header Files\Classification">
      <UniqueIdentifier>{b31dc7e2-05ca-4da7-a71e-073686ce2626}</UniqueIdentifier>
    </Filter>
    <Filter Include="Header Files\Screens\Transactions Menu Screens">
      <UniqueIdentifier>{4788d679-fee9-462a-891b-2fdf82241bc0}</UniqueIdentifier>
    </Filter>
    <Filter Include="Header Files\Screens\Main Menu Screens">
      <UniqueIdentifier>{9dded3ca-42ed-412f-9514-d5f37d92cc39}</UniqueIdentifier>
    </Filter>
    <Filter Include="Header Files\Screens\Manage Users Menu Screens">
      <UniqueIdentifier>{3db71e0d-f1cc-4697-bd0d-99df942db426}</UniqueIdentifier>
    </Filter>
    <Filter Include="Header Files\Screens\UI">
      <UniqueIdentifier>{78a71db3-0d76-4efb-95c6-cc2b2db7a133}</UniqueIdentifier>
    </Filter>
    <Filter Include="Header Files\Screens\Currency Exchange Screens">
      <UniqueIdentifier>{e8c5f520-8320-4788-bc75-96975aa8851b}</UniqueIdentifier>
    </Filter>
  </ItemGroup>
  <ItemGroup>
    <ClCompile Include="main.cpp">
      <Filter>Source Files</Filter>
    </ClCompile>
  </ItemGroup>
  <ItemGroup>
    <ClInclude Include="clsPerson.h">
      <Filter>Header Files\Classification</Filter>
    </ClInclude>
    <ClInclude Include="clsClient.h">
      <Filter>Header Files\Classification</Filter>
    </ClInclude>
    <ClInclude Include="clsDate.h">
      <Filter>Header Files\Libraries</Filter>
    </ClInclude>
    <ClInclude Include="clsInputValidate.h">
      <Filter>Header Files\Libraries</Filter>
    </ClInclude>
    <ClInclude Include="clsPeriod.h">
      <Filter>Header Files\Libraries</Filter>
    </ClInclude>
    <ClInclude Include="clsString.h">
      <Filter>Header Files\Libraries</Filter>
    </ClInclude>
    <ClInclude Include="clsUtility.h">
      <Filter>Header Files\Libraries</Filter>
    </ClInclude>
    <ClInclude Include="clsScreen.h">
      <Filter>Header Files\Screens</Filter>
    </ClInclude>
    <ClInclude Include="clsMainMenuScreen.h">
      <Filter>Header Files\Screens\Main Menu Screens</Filter>
    </ClInclude>
    <ClInclude Include="clsClientsListScreen.h">
      <Filter>Header Files\Screens\Main Menu Screens</Filter>
    </ClInclude>
    <ClInclude Include="clsAddNewClientScreen.h">
      <Filter>Header Files\Screens\Main Menu Screens</Filter>
    </ClInclude>
    <ClInclude Include="clsDeleteClientScreen.h">
      <Filter>Header Files\Screens\Main Menu Screens</Filter>
    </ClInclude>
    <ClInclude Include="clsUpdateClientScreen.h">
      <Filter>Header Files\Screens\Main Menu Screens</Filter>
    </ClInclude>
    <ClInclude Include="clsFindClientScreen.h">
      <Filter>Header Files\Screens\Main Menu Screens</Filter>
    </ClInclude>
    <ClInclude Include="clsTransactionsMenuScreen.h">
      <Filter>Header Files\Screens\Transactions Menu Screens</Filter>
    </ClInclude>
    <ClInclude Include="clsDepositeScreen.h">
      <Filter>Header Files\Screens\Transactions Menu Screens</Filter>
    </ClInclude>
    <ClInclude Include="clsWithdrawScreen.h">
      <Filter>Header Files\Screens\Transactions Menu Screens</Filter>
    </ClInclude>
    <ClInclude Include="clsTotalBalancesScreen.h">
      <Filter>Header Files\Screens\Transactions Menu Screens</Filter>
    </ClInclude>
    <ClInclude Include="clsManageUsersMenuScreen.h">
      <Filter>Header Files\Screens\Manage Users Menu Screens</Filter>
    </ClInclude>
    <ClInclude Include="clsUsersListScreen.h">
      <Filter>Header Files\Screens\Manage Users Menu Screens</Filter>
    </ClInclude>
    <ClInclude Include="clsUser.h">
      <Filter>Header Files\Classification</Filter>
    </ClInclude>
    <ClInclude Include="clsAddNewUserScreen.h">
      <Filter>Header Files\Screens\Manage Users Menu Screens</Filter>
    </ClInclude>
    <ClInclude Include="clsDeleteUserScreen.h">
      <Filter>Header Files\Screens\Manage Users Menu Screens</Filter>
    </ClInclude>
    <ClInclude Include="clsUpdateUserScreen.h">
      <Filter>Header Files\Screens\Manage Users Menu Screens</Filter>
    </ClInclude>
    <ClInclude Include="clsFindUserScreen.h">
      <Filter>Header Files\Screens\Manage Users Menu Screens</Filter>
    </ClInclude>
    <ClInclude Include="clsClientUI.h">
      <Filter>Header Files\Screens\UI</Filter>
    </ClInclude>
    <ClInclude Include="clsUserUI.h">
      <Filter>Header Files\Screens\UI</Filter>
    </ClInclude>
    <ClInclude Include="clsLoginScreen.h">
      <Filter>Header Files\Screens</Filter>
    </ClInclude>
    <ClInclude Include="clsGlobal.h">
      <Filter>Header Files\Classification</Filter>
    </ClInclude>
    <ClInclude Include="clsLoginRegisterScreen.h">
      <Filter>Header Files\Screens\Main Menu Screens</Filter>
    </ClInclude>
    <ClInclude Include="clsTransferScreen.h">
      <Filter>Header Files\Screens\Transactions Menu Screens</Filter>
    </ClInclude>
    <ClInclude Include="clsTransfersLogScreen.h">
      <Filter>Header Files\Screens\Transactions Menu Screens</Filter>
    </ClInclude>
    <ClInclude Include="InterfaceCommunication.h">
      <Filter>Header Files\Classification</Filter>
    </ClInclude>
    <ClInclude Include="clsCurrencyExchangeScreen.h">
      <Filter>Header Files\Screens\Currency Exchange Screens</Filter>
    </ClInclude>
    <ClInclude Include="clsCurrenciesListScreen.h">
      <Filter>Header Files\Screens\Currency Exchange Screens</Filter>
    </ClInclude>
    <ClInclude Include="clsCurrency.h">
      <Filter>Header Files\Classification</Filter>
    </ClInclude>
    <ClInclude Include="clsCurrencyUI.h">
      <Filter>Header Files\Screens\UI</Filter>
    </ClInclude>
    <ClInclude Include="clsFindCurrencyScreen.h">
      <Filter>Header Files\Screens\Currency Exchange Screens</Filter>
    </ClInclude>
    <ClInclude Include="clsUpdateCurrencyRateScreen.h">
      <Filter>Header Files\Screens\Currency Exchange Screens</Filter>
    </ClInclude>
    <ClInclude Include="clsCurrencyCalculatorScreen.h">
      <Filter>Header Files\Screens\Currency Exchange Screens</Filter>
    </ClInclude>
    <ClInclude Include="clsColor.h">
      <Filter>Header Files\Libraries</Filter>
    </ClInclude>
  </ItemGroup>
</Project>